{
  "name": "ts-mlog-api",
  "version": "0.1.0",
  "lockfileVersion": 3,
  "requires": true,
  "packages": {
    "": {
      "name": "ts-mlog-api",
      "version": "0.1.0",
      "license": "ISC",
      "peerDependencies": {
        "ts-mlog-types": "^0.2.0"
      }
    },
    "node_modules/ts-mlog-types": {
      "version": "0.2.0",
      "resolved": "https://registry.npmjs.org/ts-mlog-types/-/ts-mlog-types-0.2.0.tgz",
      "integrity": "sha512-2TaeL9Q3LcEsizFXXBdsmehlZObUuCTd+kjj/ordBqMB1vl+reV/4xNQ74H/NIWDd4yFgKrFIr4/czpeIwQ3DA==",
      "peer": true
    }
  }
}
